
Microsoft Visual Studio Solution File, Format Version 12.00
# Visual Studio Version 17
VisualStudioVersion = 17.8.34330.188
MinimumVisualStudioVersion = 10.0.40219.1
Project("{9A19103F-16F7-4668-BE54-9A1E7A4F7556}") = "BookStore", "BookStore.csproj", "{477FECAB-12E2-4058-A2AB-918DE78B416B}"
EndProject
Global
	GlobalSection(SolutionConfigurationPlatforms) = preSolution
		Debug|Any CPU = Debug|Any CPU
		Release|Any CPU = Release|Any CPU
	EndGlobalSection
	GlobalSection(ProjectConfigurationPlatforms) = postSolution
		{477FECAB-12E2-4058-A2AB-918DE78B416B}.Debug|Any CPU.ActiveCfg = Debug|Any CPU
		{477FECAB-12E2-4058-A2AB-918DE78B416B}.Debug|Any CPU.Build.0 = Debug|Any CPU
		{477FECAB-12E2-4058-A2AB-918DE78B416B}.Release|Any CPU.ActiveCfg = Release|Any CPU
		{477FECAB-12E2-4058-A2AB-918DE78B416B}.Release|Any CPU.Build.0 = Release|Any CPU
	EndGlobalSection
	GlobalSection(SolutionProperties) = preSolution
		HideSolutionNode = FALSE
	EndGlobalSection
	GlobalSection(ExtensibilityGlobals) = postSolution
		SolutionGuid = {A064F3E2-9D92-421E-B2B9-F928E9E50052}
	EndGlobalSection
EndGlobal
